{
  "version": 1,
  "dependencies": {
    "net7.0": {
      "coverlet.collector": {
        "type": "Direct",
        "requested": "[3.2.0, )",
        "resolved": "3.2.0",
        "contentHash": "xjY8xBigSeWIYs4I7DgUHqSNoGqnHi7Fv7/7RZD02rvZyG3hlsjnQKiVKVWKgr9kRKgmV+dEfu8KScvysiC0Wg=="
      },
      "DryIoc.dll": {
        "type": "Direct",
        "requested": "[5.3.1, )",
        "resolved": "5.3.1",
        "contentHash": "E3zclUh2CIBks1t2uBD1k18pyGFJ1YSKCrbCDbB7qCdl2RAB+k68AyDpjeplhF1ot2XPV82AgyCWBXMf0ggL1g=="
      },
      "FluentAssertions": {
        "type": "Direct",
        "requested": "[6.8.0, )",
        "resolved": "6.8.0",
        "contentHash": "NfSlAG97wMxS48Ov+wQEhJITdn4bKrgtKrG4sCPrFBVKozpC57lQ2vzsPdxUOsPbfEgEQTMtvCDECxIlDBfgNA==",
        "dependencies": {
          "System.Configuration.ConfigurationManager": "4.4.0"
        }
      },
      "Microsoft.NET.Test.Sdk": {
        "type": "Direct",
        "requested": "[17.4.1, )",
        "resolved": "17.4.1",
        "contentHash": "kJ5/v2ad+VEg1fL8UH18nD71Eu+Fq6dM4RKBVqlV2MLSEK/AW4LUkqlk7m7G+BrxEDJVwPjxHam17nldxV80Ow==",
        "dependencies": {
          "Microsoft.CodeCoverage": "17.4.1",
          "Microsoft.TestPlatform.TestHost": "17.4.1"
        }
      },
      "Moq": {
        "type": "Direct",
        "requested": "[4.18.3, )",
        "resolved": "4.18.3",
        "contentHash": "nmV2lludVOFmVi+Vtq9twX1/SDiEVyYDURzxW39gUBqjyoXmdyNwJSeOfSCJoJTXDXBVfFNfEljB5UWGj/cKnQ==",
        "dependencies": {
          "Castle.Core": "5.1.0"
        }
      },
      "NUnit": {
        "type": "Direct",
        "requested": "[3.13.3, )",
        "resolved": "3.13.3",
        "contentHash": "KNPDpls6EfHwC3+nnA67fh5wpxeLb3VLFAfLxrug6JMYDLHH6InaQIWR7Sc3y75d/9IKzMksH/gi08W7XWbmnQ==",
        "dependencies": {
          "NETStandard.Library": "2.0.0"
        }
      },
      "NUnit3TestAdapter": {
        "type": "Direct",
        "requested": "[4.3.1, )",
        "resolved": "4.3.1",
        "contentHash": "R+bGFtsUpLWywjT1nb3xMmoVa2AIw6ClIGC+XjW9lYE8hwJeos+NdR/mtg4RXbBphmC9epALrnUc6MM7mUG8+Q=="
      },
      "Verify.NUnit": {
        "type": "Direct",
        "requested": "[19.3.0, )",
        "resolved": "19.3.0",
        "contentHash": "ocXCfaPPT31Mx1ZHyQrklK/qx4ITIzeIrSsbggnFOeVriYu5OxiuczjU15GTgmqnNxccFK4Yr3qTxV4ZGFdJLA==",
        "dependencies": {
          "EmptyFiles": "4.1.0",
          "NUnit": "3.13.3",
          "Verify": "19.3.0"
        }
      },
      "Argon": {
        "type": "Transitive",
        "resolved": "0.1.0",
        "contentHash": "TYJwenjm6RTjs3hEphb4mL3h4jdSMWSvoRkuNRGXXD6ZcuMNWOR4UTzf6OGF+ReTYsE2c1Q3brLSD3cfIPjfdw=="
      },
      "Castle.Core": {
        "type": "Transitive",
        "resolved": "5.1.0",
        "contentHash": "31UJpTHOiWq95CDOHazE3Ub/hE/PydNWsJMwnEVTqFFP4WhAugwpaVGxzOxKgNeSUUeqS2W6lxV+q7u1pAOfXg==",
        "dependencies": {
          "System.Diagnostics.EventLog": "6.0.0"
        }
      },
      "DiffEngine": {
        "type": "Transitive",
        "resolved": "11.0.0",
        "contentHash": "FKhanyE6mYmPe/MWWKKHc7Ol6WECHsE+WN6tK1L5FksrZd+DG4UMsc2luunnuUkVZ6bXi0XO6nyuy6HSXDmkiw==",
        "dependencies": {
          "EmptyFiles": "4.0.0",
          "System.Management": "5.0.0"
        }
      },
      "EmptyFiles": {
        "type": "Transitive",
        "resolved": "4.1.0",
        "contentHash": "mwnB0PowYoKVD0t/ImcAbwBNNHRpmRrbiuCSosy6m5YoGJ/29k45RTU/8arLrhcPWH1JVCwPfmMsW06/IdDaZA=="
      },
      "Microsoft.CodeCoverage": {
        "type": "Transitive",
        "resolved": "17.4.1",
        "contentHash": "T21KxaiFawbrrjm0uXjxAStXaBm5P9H6Nnf8BUtBTvIpd8q57lrChVBCY2dnazmSu9/kuX4z5+kAOT78Dod7vA=="
      },
      "Microsoft.NETCore.Platforms": {
        "type": "Transitive",
        "resolved": "5.0.0",
        "contentHash": "VyPlqzH2wavqquTcYpkIIAQ6WdenuKoFN0BdYBbCWsclXacSOHNQn66Gt4z5NBqEYW0FAPm5rlvki9ZiCij5xQ=="
      },
      "Microsoft.TestPlatform.ObjectModel": {
        "type": "Transitive",
        "resolved": "17.4.1",
        "contentHash": "v2CwoejusooZa/DZYt7UXo+CJOvwAmqg6ZyFJeIBu+DCRDqpEtf7WYhZ/AWii0EKzANPPLU9+m148aipYQkTuA==",
        "dependencies": {
          "NuGet.Frameworks": "5.11.0",
          "System.Reflection.Metadata": "1.6.0"
        }
      },
      "Microsoft.TestPlatform.TestHost": {
        "type": "Transitive",
        "resolved": "17.4.1",
        "contentHash": "K7QXM4P4qrDKdPs/VSEKXR08QEru7daAK8vlIbhwENM3peXJwb9QgrAbtbYyyfVnX+F1m+1hntTH6aRX+h/f8g==",
        "dependencies": {
          "Microsoft.TestPlatform.ObjectModel": "17.4.1",
          "Newtonsoft.Json": "13.0.1"
        }
      },
      "Microsoft.Win32.Registry": {
        "type": "Transitive",
        "resolved": "5.0.0",
        "contentHash": "dDoKi0PnDz31yAyETfRntsLArTlVAVzUzCIvvEDsDsucrl33Dl8pIJG06ePTJTI3tGpeyHS9Cq7Foc/s4EeKcg==",
        "dependencies": {
          "System.Security.AccessControl": "5.0.0",
          "System.Security.Principal.Windows": "5.0.0"
        }
      },
      "NETStandard.Library": {
        "type": "Transitive",
        "resolved": "2.0.0",
        "contentHash": "7jnbRU+L08FXKMxqUflxEXtVymWvNOrS8yHgu9s6EM8Anr6T/wIX4nZ08j/u3Asz+tCufp3YVwFSEvFTPYmBPA==",
        "dependencies": {
          "Microsoft.NETCore.Platforms": "1.1.0"
        }
      },
      "Newtonsoft.Json": {
        "type": "Transitive",
        "resolved": "13.0.1",
        "contentHash": "ppPFpBcvxdsfUonNcvITKqLl3bqxWbDCZIzDWHzjpdAHRFfZe0Dw9HmA0+za13IdyrgJwpkDTDA9fHaxOrt20A=="
      },
      "NuGet.Frameworks": {
        "type": "Transitive",
        "resolved": "5.11.0",
        "contentHash": "eaiXkUjC4NPcquGWzAGMXjuxvLwc6XGKMptSyOGQeT0X70BUZObuybJFZLA0OfTdueLd3US23NBPTBb6iF3V1Q=="
      },
      "SimpleInfoName": {
        "type": "Transitive",
        "resolved": "2.0.0",
        "contentHash": "sXzz3+zns3HWmv+8wzhF1f4up8NjXHeD1X7w9zBjmnpwMk08zuCw5PPmZUAv8ou6F0AgG/8QpvZQr4hC82Wwqg=="
      },
      "System.CodeDom": {
        "type": "Transitive",
        "resolved": "5.0.0",
        "contentHash": "JPJArwA1kdj8qDAkY2XGjSWoYnqiM7q/3yRNkt6n28Mnn95MuEGkZXUbPBf7qc3IjwrGY5ttQon7yqHZyQJmOQ=="
      },
      "System.Configuration.ConfigurationManager": {
        "type": "Transitive",
        "resolved": "4.4.0",
        "contentHash": "gWwQv/Ug1qWJmHCmN17nAbxJYmQBM/E94QxKLksvUiiKB1Ld3Sc/eK1lgmbSjDFxkQhVuayI/cGFZhpBSodLrg==",
        "dependencies": {
          "System.Security.Cryptography.ProtectedData": "4.4.0"
        }
      },
      "System.Diagnostics.EventLog": {
        "type": "Transitive",
        "resolved": "6.0.0",
        "contentHash": "lcyUiXTsETK2ALsZrX+nWuHSIQeazhqPphLfaRxzdGaG93+0kELqpgEHtwWOlQe7+jSFnKwaCAgL4kjeZCQJnw=="
      },
      "System.Management": {
        "type": "Transitive",
        "resolved": "5.0.0",
        "contentHash": "MF1CHaRcC+MLFdnDthv4/bKWBZnlnSpkGqa87pKukQefgEdwtb9zFW6zs0GjPp73qtpYYg4q6PEKbzJbxCpKfw==",
        "dependencies": {
          "Microsoft.NETCore.Platforms": "5.0.0",
          "Microsoft.Win32.Registry": "5.0.0",
          "System.CodeDom": "5.0.0"
        }
      },
      "System.Reflection.Metadata": {
        "type": "Transitive",
        "resolved": "1.6.0",
        "contentHash": "COC1aiAJjCoA5GBF+QKL2uLqEBew4JsCkQmoHKbN3TlOZKa2fKLz5CpiRQKDz0RsAOEGsVKqOD5bomsXq/4STQ=="
      },
      "System.Security.AccessControl": {
        "type": "Transitive",
        "resolved": "5.0.0",
        "contentHash": "dagJ1mHZO3Ani8GH0PHpPEe/oYO+rVdbQjvjJkBRNQkX4t0r1iaeGn8+/ybkSLEan3/slM0t59SVdHzuHf2jmw==",
        "dependencies": {
          "Microsoft.NETCore.Platforms": "5.0.0",
          "System.Security.Principal.Windows": "5.0.0"
        }
      },
      "System.Security.Cryptography.ProtectedData": {
        "type": "Transitive",
        "resolved": "4.4.0",
        "contentHash": "cJV7ScGW7EhatRsjehfvvYVBvtiSMKgN8bOVI0bQhnF5bU7vnHVIsH49Kva7i7GWaWYvmEzkYVk1TC+gZYBEog=="
      },
      "System.Security.Principal.Windows": {
        "type": "Transitive",
        "resolved": "5.0.0",
        "contentHash": "t0MGLukB5WAVU9bO3MGzvlGnyJPgUlcwerXn1kzBRjwLKixT96XV0Uza41W49gVd8zEMFu9vQEFlv0IOrytICA=="
      },
      "Verify": {
        "type": "Transitive",
        "resolved": "19.3.0",
        "contentHash": "7CqN/1KXfSCYArTmJlgrCg3vqHafVjoZK23sqTNanvFa/TZELMrptQ/+frybBPdAtEFv4YDAmBOy/v9lJj9ZDg==",
        "dependencies": {
          "Argon": "0.1.0",
          "DiffEngine": "11.0.0",
          "EmptyFiles": "4.1.0",
          "SimpleInfoName": "2.0.0"
        }
      },
      "Xabe.FFmpeg": {
        "type": "Transitive",
        "resolved": "5.2.1",
        "contentHash": "yYSfdVI5GhMkRBqoHCVyIjoqNkXj1mXM7cVxmsgzIAhqZvrGMqxbkzNFUKRW86PtvmOOzQvbsVEMItZevHId/w==",
        "dependencies": {
          "Newtonsoft.Json": "9.0.1"
        }
      },
      "videoconverter.core": {
        "type": "Project",
        "dependencies": {
          "Xabe.FFMpeg": "[5.2.1, )"
        }
      }
    }
  }
}