{
  "version": 1,
  "dependencies": {
    "net7.0": {
      "coverlet.collector": {
        "type": "Direct",
        "requested": "[3.2.0, )",
        "resolved": "3.2.0",
        "contentHash": "xjY8xBigSeWIYs4I7DgUHqSNoGqnHi7Fv7/7RZD02rvZyG3hlsjnQKiVKVWKgr9kRKgmV+dEfu8KScvysiC0Wg=="
      },
      "DryIoc.dll": {
        "type": "Direct",
        "requested": "[5.3.1, )",
        "resolved": "5.3.1",
        "contentHash": "E3zclUh2CIBks1t2uBD1k18pyGFJ1YSKCrbCDbB7qCdl2RAB+k68AyDpjeplhF1ot2XPV82AgyCWBXMf0ggL1g=="
      },
      "FluentAssertions": {
        "type": "Direct",
        "requested": "[6.8.0, )",
        "resolved": "6.8.0",
        "contentHash": "NfSlAG97wMxS48Ov+wQEhJITdn4bKrgtKrG4sCPrFBVKozpC57lQ2vzsPdxUOsPbfEgEQTMtvCDECxIlDBfgNA==",
        "dependencies": {
          "System.Configuration.ConfigurationManager": "4.4.0"
        }
      },
      "Microsoft.NET.Test.Sdk": {
        "type": "Direct",
        "requested": "[17.4.0, )",
        "resolved": "17.4.0",
        "contentHash": "VtNZQ83ntG2aEUjy1gq6B4HNdn96se6FmdY/03At8WiqDReGrApm6OB2fNiSHz9D6IIEtWtNZ2FSH0RJDVXl/w==",
        "dependencies": {
          "Microsoft.CodeCoverage": "17.4.0",
          "Microsoft.TestPlatform.TestHost": "17.4.0"
        }
      },
      "Moq": {
        "type": "Direct",
        "requested": "[4.18.2, )",
        "resolved": "4.18.2",
        "contentHash": "SjxKYS5nX6prcaT8ZjbkONh3vnh0Rxru09+gQ1a07v4TM530Oe/jq3Q4dOZPfo1wq0LYmTgLOZKrqRfEx4auPw==",
        "dependencies": {
          "Castle.Core": "5.1.0"
        }
      },
      "NUnit": {
        "type": "Direct",
        "requested": "[3.13.3, )",
        "resolved": "3.13.3",
        "contentHash": "KNPDpls6EfHwC3+nnA67fh5wpxeLb3VLFAfLxrug6JMYDLHH6InaQIWR7Sc3y75d/9IKzMksH/gi08W7XWbmnQ==",
        "dependencies": {
          "NETStandard.Library": "2.0.0"
        }
      },
      "NUnit3TestAdapter": {
        "type": "Direct",
        "requested": "[4.3.0, )",
        "resolved": "4.3.0",
        "contentHash": "oXlDbkGW01VPPgI8P/XQ+PZHqaJoWtV90WuAkR0yN8HC3hiPivy2AaBZP3lqOql4RFqdxvF5qYSuaeWI+7/wGg=="
      },
      "Verify.NUnit": {
        "type": "Direct",
        "requested": "[18.3.0, )",
        "resolved": "18.3.0",
        "contentHash": "swF5GMtq/AUkSnftT9w4ZrHnrk/Re5mkN6ED3X9IF8IyYtILrb4OzhVYLiLWXfk5DKmtdK3mQe0TVfaPumCCnA==",
        "dependencies": {
          "EmptyFiles": "3.0.0",
          "NUnit": "3.13.3",
          "Verify": "18.3.0"
        }
      },
      "Argon": {
        "type": "Transitive",
        "resolved": "0.1.0",
        "contentHash": "TYJwenjm6RTjs3hEphb4mL3h4jdSMWSvoRkuNRGXXD6ZcuMNWOR4UTzf6OGF+ReTYsE2c1Q3brLSD3cfIPjfdw=="
      },
      "Castle.Core": {
        "type": "Transitive",
        "resolved": "5.1.0",
        "contentHash": "31UJpTHOiWq95CDOHazE3Ub/hE/PydNWsJMwnEVTqFFP4WhAugwpaVGxzOxKgNeSUUeqS2W6lxV+q7u1pAOfXg==",
        "dependencies": {
          "System.Diagnostics.EventLog": "6.0.0"
        }
      },
      "DiffEngine": {
        "type": "Transitive",
        "resolved": "10.4.3",
        "contentHash": "dAJ932cyhq0+oc+DytpX6poo9ZBHtPkfq8aROZ32NBP3VSreJs5iZd5rJkJLKLMH8ELfCckzbX8gKCdNkc3eYA==",
        "dependencies": {
          "EmptyFiles": "3.0.0",
          "System.Management": "5.0.0"
        }
      },
      "EmptyFiles": {
        "type": "Transitive",
        "resolved": "3.0.0",
        "contentHash": "XIZe5CJHgUtRGhuHWuUTKeaX4ARzqEKRnthV8L13NkwB1z4CvsORpBT/RZeMuBW3Qhj3OmiGz7A6psn9CBZ/oQ=="
      },
      "Microsoft.CodeCoverage": {
        "type": "Transitive",
        "resolved": "17.4.0",
        "contentHash": "2oZbSVTC2nAvQ2DnbXLlXS+c25ZyZdWeNd+znWwAxwGaPh9dwQ5NBsYyqQB7sKmJKIUdkKGmN3rzFzjVC81Dtg=="
      },
      "Microsoft.NETCore.Platforms": {
        "type": "Transitive",
        "resolved": "5.0.0",
        "contentHash": "VyPlqzH2wavqquTcYpkIIAQ6WdenuKoFN0BdYBbCWsclXacSOHNQn66Gt4z5NBqEYW0FAPm5rlvki9ZiCij5xQ=="
      },
      "Microsoft.TestPlatform.ObjectModel": {
        "type": "Transitive",
        "resolved": "17.4.0",
        "contentHash": "oWe7A0wrZhxagTOcaxJ9r0NXTbgkiBQQuCpCXxnP06NsGV/qOoaY2oaangAJbOUrwEx0eka1do400NwNCjfytw==",
        "dependencies": {
          "NuGet.Frameworks": "5.11.0",
          "System.Reflection.Metadata": "1.6.0"
        }
      },
      "Microsoft.TestPlatform.TestHost": {
        "type": "Transitive",
        "resolved": "17.4.0",
        "contentHash": "sUx48fu9wgQF1JxzXeSVtzb7KoKpJrdtIzsFamxET3ZYOKXj+Ej13HWZ0U2nuMVZtZVHBmE+KS3Vv5cIdTlycQ==",
        "dependencies": {
          "Microsoft.TestPlatform.ObjectModel": "17.4.0",
          "Newtonsoft.Json": "13.0.1"
        }
      },
      "Microsoft.Win32.Registry": {
        "type": "Transitive",
        "resolved": "5.0.0",
        "contentHash": "dDoKi0PnDz31yAyETfRntsLArTlVAVzUzCIvvEDsDsucrl33Dl8pIJG06ePTJTI3tGpeyHS9Cq7Foc/s4EeKcg==",
        "dependencies": {
          "System.Security.AccessControl": "5.0.0",
          "System.Security.Principal.Windows": "5.0.0"
        }
      },
      "NETStandard.Library": {
        "type": "Transitive",
        "resolved": "2.0.0",
        "contentHash": "7jnbRU+L08FXKMxqUflxEXtVymWvNOrS8yHgu9s6EM8Anr6T/wIX4nZ08j/u3Asz+tCufp3YVwFSEvFTPYmBPA==",
        "dependencies": {
          "Microsoft.NETCore.Platforms": "1.1.0"
        }
      },
      "Newtonsoft.Json": {
        "type": "Transitive",
        "resolved": "13.0.1",
        "contentHash": "ppPFpBcvxdsfUonNcvITKqLl3bqxWbDCZIzDWHzjpdAHRFfZe0Dw9HmA0+za13IdyrgJwpkDTDA9fHaxOrt20A=="
      },
      "NuGet.Frameworks": {
        "type": "Transitive",
        "resolved": "5.11.0",
        "contentHash": "eaiXkUjC4NPcquGWzAGMXjuxvLwc6XGKMptSyOGQeT0X70BUZObuybJFZLA0OfTdueLd3US23NBPTBb6iF3V1Q=="
      },
      "SimpleInfoName": {
        "type": "Transitive",
        "resolved": "1.2.0",
        "contentHash": "1YOIG0XwIMK1XNYALMSximxjH2w1Z/y4a/WAAFkXMSfzDOYPeU/E9ba7TQLkJLcvfTpbTrVuB58MTSC1AuRv8g=="
      },
      "System.CodeDom": {
        "type": "Transitive",
        "resolved": "5.0.0",
        "contentHash": "JPJArwA1kdj8qDAkY2XGjSWoYnqiM7q/3yRNkt6n28Mnn95MuEGkZXUbPBf7qc3IjwrGY5ttQon7yqHZyQJmOQ=="
      },
      "System.Configuration.ConfigurationManager": {
        "type": "Transitive",
        "resolved": "4.4.0",
        "contentHash": "gWwQv/Ug1qWJmHCmN17nAbxJYmQBM/E94QxKLksvUiiKB1Ld3Sc/eK1lgmbSjDFxkQhVuayI/cGFZhpBSodLrg==",
        "dependencies": {
          "System.Security.Cryptography.ProtectedData": "4.4.0"
        }
      },
      "System.Diagnostics.EventLog": {
        "type": "Transitive",
        "resolved": "6.0.0",
        "contentHash": "lcyUiXTsETK2ALsZrX+nWuHSIQeazhqPphLfaRxzdGaG93+0kELqpgEHtwWOlQe7+jSFnKwaCAgL4kjeZCQJnw=="
      },
      "System.Management": {
        "type": "Transitive",
        "resolved": "5.0.0",
        "contentHash": "MF1CHaRcC+MLFdnDthv4/bKWBZnlnSpkGqa87pKukQefgEdwtb9zFW6zs0GjPp73qtpYYg4q6PEKbzJbxCpKfw==",
        "dependencies": {
          "Microsoft.NETCore.Platforms": "5.0.0",
          "Microsoft.Win32.Registry": "5.0.0",
          "System.CodeDom": "5.0.0"
        }
      },
      "System.Reflection.Metadata": {
        "type": "Transitive",
        "resolved": "1.6.0",
        "contentHash": "COC1aiAJjCoA5GBF+QKL2uLqEBew4JsCkQmoHKbN3TlOZKa2fKLz5CpiRQKDz0RsAOEGsVKqOD5bomsXq/4STQ=="
      },
      "System.Security.AccessControl": {
        "type": "Transitive",
        "resolved": "5.0.0",
        "contentHash": "dagJ1mHZO3Ani8GH0PHpPEe/oYO+rVdbQjvjJkBRNQkX4t0r1iaeGn8+/ybkSLEan3/slM0t59SVdHzuHf2jmw==",
        "dependencies": {
          "Microsoft.NETCore.Platforms": "5.0.0",
          "System.Security.Principal.Windows": "5.0.0"
        }
      },
      "System.Security.Cryptography.ProtectedData": {
        "type": "Transitive",
        "resolved": "4.4.0",
        "contentHash": "cJV7ScGW7EhatRsjehfvvYVBvtiSMKgN8bOVI0bQhnF5bU7vnHVIsH49Kva7i7GWaWYvmEzkYVk1TC+gZYBEog=="
      },
      "System.Security.Principal.Windows": {
        "type": "Transitive",
        "resolved": "5.0.0",
        "contentHash": "t0MGLukB5WAVU9bO3MGzvlGnyJPgUlcwerXn1kzBRjwLKixT96XV0Uza41W49gVd8zEMFu9vQEFlv0IOrytICA=="
      },
      "Verify": {
        "type": "Transitive",
        "resolved": "18.3.0",
        "contentHash": "qVx++gFCcBVV0A/npMB2EZJJHA6Ggm3FEKoRrpWpgs9ueV/DGfWYYYndKrmvu93GLdWZJyfGXa2QKgWEf/Q2uQ==",
        "dependencies": {
          "Argon": "0.1.0",
          "DiffEngine": "10.4.3",
          "EmptyFiles": "3.0.0",
          "SimpleInfoName": "1.2.0"
        }
      },
      "Xabe.FFmpeg": {
        "type": "Transitive",
        "resolved": "5.2.0",
        "contentHash": "y2fjj959KReVEYsr6ya0Ci7NiH1GTVMEE4w5wpaE1ATbxnpOpWFrtOtpH6gMlqMEdFaevg2tJJTSFLk+Vf6Eeg==",
        "dependencies": {
          "Newtonsoft.Json": "9.0.1"
        }
      },
      "videoconverter.core": {
        "type": "Project",
        "dependencies": {
          "Xabe.FFMpeg": "[5.2.0, )"
        }
      }
    }
  }
}