{
  "version": 1,
  "dependencies": {
    "net6.0": {
      "coverlet.collector": {
        "type": "Direct",
        "requested": "[3.1.2, )",
        "resolved": "3.1.2",
        "contentHash": "wuLDIDKD5XMt0A7lE31JPenT7QQwZPFkP5rRpdJeblyXZ9MGLI8rYjvm5fvAKln+2/X+4IxxQDxBtwdrqKNLZw=="
      },
      "FluentAssertions": {
        "type": "Direct",
        "requested": "[6.7.0, )",
        "resolved": "6.7.0",
        "contentHash": "PWbow/R3MnYDP8UW7zh/w80rGb+1NufGoNJeuzouTo2bqpvwNTFxbDwF6XWfFZ5IuquL2225Um+qSyZ8jVsT+w==",
        "dependencies": {
          "System.Configuration.ConfigurationManager": "4.4.0"
        }
      },
      "Microsoft.NET.Test.Sdk": {
        "type": "Direct",
        "requested": "[17.3.2, )",
        "resolved": "17.3.2",
        "contentHash": "apR0ha1T8FujBwq1P8i/DOZjbI5XhcP/i8As4NnVztVSpZG8GtWRPCstcmgkUkBpvEfcrrDPlJWbuZY+Hl1hSg==",
        "dependencies": {
          "Microsoft.CodeCoverage": "17.3.2",
          "Microsoft.TestPlatform.TestHost": "17.3.2"
        }
      },
      "NUnit": {
        "type": "Direct",
        "requested": "[3.13.3, )",
        "resolved": "3.13.3",
        "contentHash": "KNPDpls6EfHwC3+nnA67fh5wpxeLb3VLFAfLxrug6JMYDLHH6InaQIWR7Sc3y75d/9IKzMksH/gi08W7XWbmnQ==",
        "dependencies": {
          "NETStandard.Library": "2.0.0"
        }
      },
      "NUnit3TestAdapter": {
        "type": "Direct",
        "requested": "[4.3.0, )",
        "resolved": "4.3.0",
        "contentHash": "oXlDbkGW01VPPgI8P/XQ+PZHqaJoWtV90WuAkR0yN8HC3hiPivy2AaBZP3lqOql4RFqdxvF5qYSuaeWI+7/wGg=="
      },
      "Verify.NUnit": {
        "type": "Direct",
        "requested": "[17.10.2, )",
        "resolved": "17.10.2",
        "contentHash": "WgGiBs+c3z+wvjMaojSAFI0mhuSeAXd6Ks9Su/Z8Xg3mdVE5+t2+noqHz5lNXpUqNcUw4SHB0oKye6tFXepXXg==",
        "dependencies": {
          "EmptyFiles": "2.8.0",
          "NUnit": "3.13.3",
          "Verify": "17.10.2"
        }
      },
      "DiffEngine": {
        "type": "Transitive",
        "resolved": "10.0.0",
        "contentHash": "H8F7V1zRHkWLP5AW9lCxZypanXlFRT8n7P9Ou8cxz189Yg8TEw5FwTqQCaXjVPRjfE8621lhblpQrghbGJgDZw==",
        "dependencies": {
          "EmptyFiles": "2.8.0",
          "System.Management": "5.0.0"
        }
      },
      "EmptyFiles": {
        "type": "Transitive",
        "resolved": "2.8.0",
        "contentHash": "2N6IdrlSYT+FhX5hAbasJ7wpV/ONtIX+7fN+XXukwGAgHRNjiAoO0TScQsTZcgaXmbuvGu4ogKk0jPt2dVLgTQ=="
      },
      "LiteDB": {
        "type": "Transitive",
        "resolved": "5.0.12",
        "contentHash": "HaOjSIGS9BRm7dw42qcHd5NGYl5wdjsFB31pImt3QQNLKUNEmRAr7ADos5VsujwBc9c4otJgb+G6NA4MlzKyAw=="
      },
      "LiteDB.Async": {
        "type": "Transitive",
        "resolved": "0.0.11",
        "contentHash": "j66SC1GhKgVCXFBdJj6q7XELF8AK4M9m7zvUEwVu9Pt7IyuBOeEeOXQp6yNAeql9knXF37p8v29fm66/7+6MXQ==",
        "dependencies": {
          "LiteDB": "5.0.11"
        }
      },
      "Microsoft.CodeCoverage": {
        "type": "Transitive",
        "resolved": "17.3.2",
        "contentHash": "+CeYNY9hYNRgv1wAID5koeDVob1ZOrOYfRRTLxU9Zm5ZMDMkMZ8wzXgakxVv+jtk8tPdE8Ze9vVE+czMKapv/Q=="
      },
      "Microsoft.NETCore.Platforms": {
        "type": "Transitive",
        "resolved": "5.0.0",
        "contentHash": "VyPlqzH2wavqquTcYpkIIAQ6WdenuKoFN0BdYBbCWsclXacSOHNQn66Gt4z5NBqEYW0FAPm5rlvki9ZiCij5xQ=="
      },
      "Microsoft.TestPlatform.ObjectModel": {
        "type": "Transitive",
        "resolved": "17.3.2",
        "contentHash": "DJEIfSA2GDC+2m42vKGNR2hm+Uhta4SpCsLZVVvYIiYMjxtk7GzNnv82qvE4SCW3kIYllMg2D0rr8juuj/f7AA==",
        "dependencies": {
          "NuGet.Frameworks": "5.11.0",
          "System.Reflection.Metadata": "1.6.0"
        }
      },
      "Microsoft.TestPlatform.TestHost": {
        "type": "Transitive",
        "resolved": "17.3.2",
        "contentHash": "113J19v31pIx+PzmdEw67cWTZWh/YApnprbclFeat6szNbnpKOKG7Ap4PX5LT6E5Da+xONyilxvx2HZPpEaXPQ==",
        "dependencies": {
          "Microsoft.TestPlatform.ObjectModel": "17.3.2",
          "Newtonsoft.Json": "9.0.1"
        }
      },
      "Microsoft.Win32.Registry": {
        "type": "Transitive",
        "resolved": "5.0.0",
        "contentHash": "dDoKi0PnDz31yAyETfRntsLArTlVAVzUzCIvvEDsDsucrl33Dl8pIJG06ePTJTI3tGpeyHS9Cq7Foc/s4EeKcg==",
        "dependencies": {
          "System.Security.AccessControl": "5.0.0",
          "System.Security.Principal.Windows": "5.0.0"
        }
      },
      "NETStandard.Library": {
        "type": "Transitive",
        "resolved": "2.0.0",
        "contentHash": "7jnbRU+L08FXKMxqUflxEXtVymWvNOrS8yHgu9s6EM8Anr6T/wIX4nZ08j/u3Asz+tCufp3YVwFSEvFTPYmBPA==",
        "dependencies": {
          "Microsoft.NETCore.Platforms": "1.1.0"
        }
      },
      "Newtonsoft.Json": {
        "type": "Transitive",
        "resolved": "13.0.1",
        "contentHash": "ppPFpBcvxdsfUonNcvITKqLl3bqxWbDCZIzDWHzjpdAHRFfZe0Dw9HmA0+za13IdyrgJwpkDTDA9fHaxOrt20A=="
      },
      "NuGet.Frameworks": {
        "type": "Transitive",
        "resolved": "5.11.0",
        "contentHash": "eaiXkUjC4NPcquGWzAGMXjuxvLwc6XGKMptSyOGQeT0X70BUZObuybJFZLA0OfTdueLd3US23NBPTBb6iF3V1Q=="
      },
      "SimpleInfoName": {
        "type": "Transitive",
        "resolved": "1.1.1",
        "contentHash": "btPTv2TaAx8AbVX/uokw+W/9Fd1y+pqgPR9tOzq7Lfu3HmXRnTCT5jgGMw/sq4QwocOj3TnVjZsPpjfwuhjcIw=="
      },
      "System.CodeDom": {
        "type": "Transitive",
        "resolved": "5.0.0",
        "contentHash": "JPJArwA1kdj8qDAkY2XGjSWoYnqiM7q/3yRNkt6n28Mnn95MuEGkZXUbPBf7qc3IjwrGY5ttQon7yqHZyQJmOQ=="
      },
      "System.Configuration.ConfigurationManager": {
        "type": "Transitive",
        "resolved": "4.4.0",
        "contentHash": "gWwQv/Ug1qWJmHCmN17nAbxJYmQBM/E94QxKLksvUiiKB1Ld3Sc/eK1lgmbSjDFxkQhVuayI/cGFZhpBSodLrg==",
        "dependencies": {
          "System.Security.Cryptography.ProtectedData": "4.4.0"
        }
      },
      "System.Management": {
        "type": "Transitive",
        "resolved": "5.0.0",
        "contentHash": "MF1CHaRcC+MLFdnDthv4/bKWBZnlnSpkGqa87pKukQefgEdwtb9zFW6zs0GjPp73qtpYYg4q6PEKbzJbxCpKfw==",
        "dependencies": {
          "Microsoft.NETCore.Platforms": "5.0.0",
          "Microsoft.Win32.Registry": "5.0.0",
          "System.CodeDom": "5.0.0"
        }
      },
      "System.Reflection.Metadata": {
        "type": "Transitive",
        "resolved": "1.6.0",
        "contentHash": "COC1aiAJjCoA5GBF+QKL2uLqEBew4JsCkQmoHKbN3TlOZKa2fKLz5CpiRQKDz0RsAOEGsVKqOD5bomsXq/4STQ=="
      },
      "System.Security.AccessControl": {
        "type": "Transitive",
        "resolved": "5.0.0",
        "contentHash": "dagJ1mHZO3Ani8GH0PHpPEe/oYO+rVdbQjvjJkBRNQkX4t0r1iaeGn8+/ybkSLEan3/slM0t59SVdHzuHf2jmw==",
        "dependencies": {
          "Microsoft.NETCore.Platforms": "5.0.0",
          "System.Security.Principal.Windows": "5.0.0"
        }
      },
      "System.Security.Cryptography.ProtectedData": {
        "type": "Transitive",
        "resolved": "4.4.0",
        "contentHash": "cJV7ScGW7EhatRsjehfvvYVBvtiSMKgN8bOVI0bQhnF5bU7vnHVIsH49Kva7i7GWaWYvmEzkYVk1TC+gZYBEog=="
      },
      "System.Security.Principal.Windows": {
        "type": "Transitive",
        "resolved": "5.0.0",
        "contentHash": "t0MGLukB5WAVU9bO3MGzvlGnyJPgUlcwerXn1kzBRjwLKixT96XV0Uza41W49gVd8zEMFu9vQEFlv0IOrytICA=="
      },
      "Verify": {
        "type": "Transitive",
        "resolved": "17.10.2",
        "contentHash": "3eMRGukcJOpwjdYqrBOewONaqOC577+aWgbuW/t2LTpmCP9t07vXuB+13GzUFTCidQdj18u1rT6ShuOg+4Jucw==",
        "dependencies": {
          "DiffEngine": "10.0.0",
          "EmptyFiles": "2.8.0",
          "Newtonsoft.Json": "13.0.1",
          "SimpleInfoName": "1.1.1"
        }
      },
      "Xabe.FFmpeg": {
        "type": "Transitive",
        "resolved": "5.2.0",
        "contentHash": "y2fjj959KReVEYsr6ya0Ci7NiH1GTVMEE4w5wpaE1ATbxnpOpWFrtOtpH6gMlqMEdFaevg2tJJTSFLk+Vf6Eeg==",
        "dependencies": {
          "Newtonsoft.Json": "9.0.1"
        }
      },
      "videoconverter.core": {
        "type": "Project",
        "dependencies": {
          "Xabe.FFMpeg": "[5.2.0, )"
        }
      },
      "videoconverter.storage": {
        "type": "Project",
        "dependencies": {
          "LiteDB": "[5.0.12, )",
          "LiteDB.Async": "[0.0.11, )",
          "VideoConverter.Core": "[1.0.0, )"
        }
      }
    }
  }
}